
Microsoft Visual Studio Solution File, Format Version 12.00
# Visual Studio 15
Project("{FAE04EC0-301F-11D3-BF4B-00C04F79EFBC}") = "MyAzureStudies.Tests", "MyAzureStudies.Tests\MyAzureStudies.Tests.csproj", "{EA31F63E-BD7A-4CFA-B608-6241E40D5B2C}"
EndProject
Project("{FAE04EC0-301F-11D3-BF4B-00C04F79EFBC}") = "MyAzureStudies.Library", "MyAzureStudies\MyAzureStudies.Library.csproj", "{C8207783-F0DC-4341-97FB-EFE18AC345F5}"
EndProject
Global
	GlobalSection(SolutionConfigurationPlatforms) = preSolution
		Debug|Any CPU = Debug|Any CPU
		Release|Any CPU = Release|Any CPU
	EndGlobalSection
	GlobalSection(ProjectConfigurationPlatforms) = postSolution
		{EA31F63E-BD7A-4CFA-B608-6241E40D5B2C}.Debug|Any CPU.ActiveCfg = Debug|Any CPU
		{EA31F63E-BD7A-4CFA-B608-6241E40D5B2C}.Debug|Any CPU.Build.0 = Debug|Any CPU
		{EA31F63E-BD7A-4CFA-B608-6241E40D5B2C}.Release|Any CPU.ActiveCfg = Release|Any CPU
		{EA31F63E-BD7A-4CFA-B608-6241E40D5B2C}.Release|Any CPU.Build.0 = Release|Any CPU
		{C8207783-F0DC-4341-97FB-EFE18AC345F5}.Debug|Any CPU.ActiveCfg = Debug|Any CPU
		{C8207783-F0DC-4341-97FB-EFE18AC345F5}.Debug|Any CPU.Build.0 = Debug|Any CPU
		{C8207783-F0DC-4341-97FB-EFE18AC345F5}.Release|Any CPU.ActiveCfg = Release|Any CPU
		{C8207783-F0DC-4341-97FB-EFE18AC345F5}.Release|Any CPU.Build.0 = Release|Any CPU
	EndGlobalSection
EndGlobal
